
Microsoft Visual Studio Solution File, Format Version 12.00
# Visual Studio Version 16
VisualStudioVersion = 16.0.30114.105
MinimumVisualStudioVersion = 10.0.40219.1
Project("{FAE04EC0-301F-11D3-BF4B-00C04F79EFBC}") = "SMO", "SMO\SMO.csproj", "{BBE687BF-94CD-4898-8BEB-8F56C3D21519}"
EndProject
Global
	GlobalSection(SolutionConfigurationPlatforms) = preSolution
		Debug|Any CPU = Debug|Any CPU
		Release|Any CPU = Release|Any CPU
	EndGlobalSection
	GlobalSection(ProjectConfigurationPlatforms) = postSolution
		{BBE687BF-94CD-4898-8BEB-8F56C3D21519}.Debug|Any CPU.ActiveCfg = Debug|Any CPU
		{BBE687BF-94CD-4898-8BEB-8F56C3D21519}.Debug|Any CPU.Build.0 = Debug|Any CPU
		{BBE687BF-94CD-4898-8BEB-8F56C3D21519}.Release|Any CPU.ActiveCfg = Release|Any CPU
		{BBE687BF-94CD-4898-8BEB-8F56C3D21519}.Release|Any CPU.Build.0 = Release|Any CPU
	EndGlobalSection
	GlobalSection(SolutionProperties) = preSolution
		HideSolutionNode = FALSE
	EndGlobalSection
	GlobalSection(ExtensibilityGlobals) = postSolution
		SolutionGuid = {4CC002AD-0E54-482E-A9AC-A04CC75FC865}
	EndGlobalSection
EndGlobal
